<?xml version="1.0" encoding="UTF-8" standalone="yes" ?>
<CodeBlocks_project_file>
	<FileVersion major="1" minor="6" />
	<Project>
		<Option title="LP-Solver" />
		<Option pch_mode="2" />
		<Option compiler="gcc" />
		<Build>
			<Target title="Debug">
				<Option output="bin/Debug/LP-Solver" prefix_auto="1" extension_auto="1" />
				<Option object_output="obj/Debug/" />
				<Option type="1" />
				<Option compiler="gcc" />
				<Option parameters="examples/lp2-4a.txt" />
				<Compiler>
					<Add option="-g" />
				</Compiler>
			</Target>
			<Target title="Release">
				<Option output="bin/Release/LP-Solver" prefix_auto="1" extension_auto="1" />
				<Option object_output="obj/Release/" />
				<Option type="1" />
				<Option compiler="gcc" />
				<Option parameters="examples/lp2-4b.txt" />
				<Compiler>
					<Add option="-O2" />
				</Compiler>
				<Linker>
					<Add option="-s" />
				</Linker>
			</Target>
		</Build>
		<Compiler>
			<Add option="-Wall" />
			<Add option="-std=c++17" />
			<Add option="-fexceptions" />
		</Compiler>
		<Unit filename="src/html-output.hpp" />
		<Unit filename="src/iota-iterator.hpp">
			<Option target="&lt;{~None~}&gt;" />
		</Unit>
		<Unit filename="src/iterator-if.hpp">
			<Option target="&lt;{~None~}&gt;" />
		</Unit>
		<Unit filename="src/lp-model-classify.hpp">
			<Option target="&lt;{~None~}&gt;" />
		</Unit>
		<Unit filename="src/lp-model-out.hpp" />
		<Unit filename="src/lp-model-parser.hpp" />
		<Unit filename="src/lp-model-transform.hpp">
			<Option target="&lt;{~None~}&gt;" />
		</Unit>
		<Unit filename="src/lp-model-util.hpp">
			<Option target="&lt;{~None~}&gt;" />
		</Unit>
		<Unit filename="src/lp-model.hpp" />
		<Unit filename="src/lp-solution.hpp">
			<Option target="&lt;{~None~}&gt;" />
		</Unit>
		<Unit filename="src/lp-tableau-classify.hpp">
			<Option target="&lt;{~None~}&gt;" />
		</Unit>
		<Unit filename="src/lp-tableau-create.hpp">
			<Option target="&lt;{~None~}&gt;" />
		</Unit>
		<Unit filename="src/lp-tableau-out-html.hpp">
			<Option target="&lt;{~None~}&gt;" />
		</Unit>
		<Unit filename="src/lp-tableau-out.hpp">
			<Option target="&lt;{~None~}&gt;" />
		</Unit>
		<Unit filename="src/lp-tableau-transform.hpp">
			<Option target="&lt;{~None~}&gt;" />
		</Unit>
		<Unit filename="src/lp-tableau.hpp">
			<Option target="&lt;{~None~}&gt;" />
		</Unit>
		<Unit filename="src/main.cpp" />
		<Unit filename="src/parsing-error.hpp">
			<Option target="&lt;{~None~}&gt;" />
		</Unit>
		<Unit filename="src/range-if.hpp">
			<Option target="&lt;{~None~}&gt;" />
		</Unit>
		<Unit filename="src/var-registry.hpp">
			<Option target="&lt;{~None~}&gt;" />
		</Unit>
		<Extensions>
			<lib_finder disable_auto="1" />
		</Extensions>
	</Project>
</CodeBlocks_project_file>
